// !$*UTF8*$!
{
	archiveVersion = 1;
	classes = {
	};
	objectVersion = 46;
	objects = {

/* Begin PBXBuildFile section */
		12DEA35C1ED56D5900009136 /* AppDelegate.swift in Sources */ = {isa = PBXBuildFile; fileRef = 12DEA35B1ED56D5900009136 /* AppDelegate.swift */; };
		12DEA35E1ED56D5900009136 /* ViewController.swift in Sources */ = {isa = PBXBuildFile; fileRef = 12DEA35D1ED56D5900009136 /* ViewController.swift */; };
		12DEA3611ED56D5900009136 /* Main.storyboard in Resources */ = {isa = PBXBuildFile; fileRef = 12DEA35F1ED56D5900009136 /* Main.storyboard */; };
		12DEA3641ED56D5900009136 /* NewsApp.xcdatamodeld in Sources */ = {isa = PBXBuildFile; fileRef = 12DEA3621ED56D5900009136 /* NewsApp.xcdatamodeld */; };
		12DEA3661ED56D5900009136 /* Assets.xcassets in Resources */ = {isa = PBXBuildFile; fileRef = 12DEA3651ED56D5900009136 /* Assets.xcassets */; };
		12DEA3691ED56D5900009136 /* LaunchScreen.storyboard in Resources */ = {isa = PBXBuildFile; fileRef = 12DEA3671ED56D5900009136 /* LaunchScreen.storyboard */; };
		12DEA3741ED56D5900009136 /* NewsAppTests.swift in Sources */ = {isa = PBXBuildFile; fileRef = 12DEA3731ED56D5900009136 /* NewsAppTests.swift */; };
		12DEA3821ED56DA900009136 /* DataManager.swift in Sources */ = {isa = PBXBuildFile; fileRef = 12DEA3811ED56DA900009136 /* DataManager.swift */; };
		12DEA3851ED56E5A00009136 /* NewsArticle+CoreDataClass.swift in Sources */ = {isa = PBXBuildFile; fileRef = 12DEA3831ED56E5A00009136 /* NewsArticle+CoreDataClass.swift */; };
		12DEA3861ED56E5A00009136 /* NewsArticle+CoreDataProperties.swift in Sources */ = {isa = PBXBuildFile; fileRef = 12DEA3841ED56E5A00009136 /* NewsArticle+CoreDataProperties.swift */; };
		12DEA3881ED56FF700009136 /* NetworkManager.swift in Sources */ = {isa = PBXBuildFile; fileRef = 12DEA3871ED56FF700009136 /* NetworkManager.swift */; };
/* End PBXBuildFile section */

/* Begin PBXContainerItemProxy section */
		12DEA3701ED56D5900009136 /* PBXContainerItemProxy */ = {
			isa = PBXContainerItemProxy;
			containerPortal = 12DEA3501ED56D5900009136 /* Project object */;
			proxyType = 1;
			remoteGlobalIDString = 12DEA3571ED56D5900009136;
			remoteInfo = NewsApp;
		};
/* End PBXContainerItemProxy section */

/* Begin PBXFileReference section */
		12DEA3581ED56D5900009136 /* NewsApp.app */ = {isa = PBXFileReference; explicitFileType = wrapper.application; includeInIndex = 0; path = NewsApp.app; sourceTree = BUILT_PRODUCTS_DIR; };
		12DEA35B1ED56D5900009136 /* AppDelegate.swift */ = {isa = PBXFileReference; lastKnownFileType = sourcecode.swift; path = AppDelegate.swift; sourceTree = "<group>"; };
		12DEA35D1ED56D5900009136 /* ViewController.swift */ = {isa = PBXFileReference; lastKnownFileType = sourcecode.swift; path = ViewController.swift; sourceTree = "<group>"; };
		12DEA3601ED56D5900009136 /* Base */ = {isa = PBXFileReference; lastKnownFileType = file.storyboard; name = Base; path = Base.lproj/Main.storyboard; sourceTree = "<group>"; };
		12DEA3631ED56D5900009136 /* NewsApp.xcdatamodel */ = {isa = PBXFileReference; lastKnownFileType = wrapper.xcdatamodel; path = NewsApp.xcdatamodel; sourceTree = "<group>"; };
		12DEA3651ED56D5900009136 /* Assets.xcassets */ = {isa = PBXFileReference; lastKnownFileType = folder.assetcatalog; path = Assets.xcassets; sourceTree = "<group>"; };
		12DEA3681ED56D5900009136 /* Base */ = {isa = PBXFileReference; lastKnownFileType = file.storyboard; name = Base; path = Base.lproj/LaunchScreen.storyboard; sourceTree = "<group>"; };
		12DEA36A1ED56D5900009136 /* Info.plist */ = {isa = PBXFileReference; lastKnownFileType = text.plist.xml; path = Info.plist; sourceTree = "<group>"; };
		12DEA36F1ED56D5900009136 /* NewsAppTests.xctest */ = {isa = PBXFileReference; explicitFileType = wrapper.cfbundle; includeInIndex = 0; path = NewsAppTests.xctest; sourceTree = BUILT_PRODUCTS_DIR; };
		12DEA3731ED56D5900009136 /* NewsAppTests.swift */ = {isa = PBXFileReference; lastKnownFileType = sourcecode.swift; path = NewsAppTests.swift; sourceTree = "<group>"; };
		12DEA3751ED56D5900009136 /* Info.plist */ = {isa = PBXFileReference; lastKnownFileType = text.plist.xml; path = Info.plist; sourceTree = "<group>"; };
		12DEA3811ED56DA900009136 /* DataManager.swift */ = {isa = PBXFileReference; fileEncoding = 4; lastKnownFileType = sourcecode.swift; name = DataManager.swift; path = Data/DataManager.swift; sourceTree = "<group>"; };
		12DEA3831ED56E5A00009136 /* NewsArticle+CoreDataClass.swift */ = {isa = PBXFileReference; fileEncoding = 4; lastKnownFileType = sourcecode.swift; name = "NewsArticle+CoreDataClass.swift"; path = "Model/NewsArticle+CoreDataClass.swift"; sourceTree = "<group>"; };
		12DEA3841ED56E5A00009136 /* NewsArticle+CoreDataProperties.swift */ = {isa = PBXFileReference; fileEncoding = 4; lastKnownFileType = sourcecode.swift; name = "NewsArticle+CoreDataProperties.swift"; path = "Model/NewsArticle+CoreDataProperties.swift"; sourceTree = "<group>"; };
		12DEA3871ED56FF700009136 /* NetworkManager.swift */ = {isa = PBXFileReference; fileEncoding = 4; lastKnownFileType = sourcecode.swift; name = NetworkManager.swift; path = Network/NetworkManager.swift; sourceTree = "<group>"; };
/* End PBXFileReference section */

/* Begin PBXFrameworksBuildPhase section */
		12DEA3551ED56D5900009136 /* Frameworks */ = {
			isa = PBXFrameworksBuildPhase;
			buildActionMask = 2147483647;
			files = (
			);
			runOnlyForDeploymentPostprocessing = 0;
		};
		12DEA36C1ED56D5900009136 /* Frameworks */ = {
			isa = PBXFrameworksBuildPhase;
			buildActionMask = 2147483647;
			files = (
			);
			runOnlyForDeploymentPostprocessing = 0;
		};
/* End PBXFrameworksBuildPhase section */

/* Begin PBXGroup section */
		12DEA34F1ED56D5900009136 = {
			isa = PBXGroup;
			children = (
				12DEA35A1ED56D5900009136 /* NewsApp */,
				12DEA3721ED56D5900009136 /* NewsAppTests */,
				12DEA3591ED56D5900009136 /* Products */,
			);
			sourceTree = "<group>";
		};
		12DEA3591ED56D5900009136 /* Products */ = {
			isa = PBXGroup;
			children = (
				12DEA3581ED56D5900009136 /* NewsApp.app */,
				12DEA36F1ED56D5900009136 /* NewsAppTests.xctest */,
			);
			name = Products;
			sourceTree = "<group>";
		};
		12DEA35A1ED56D5900009136 /* NewsApp */ = {
			isa = PBXGroup;
			children = (
				12DEA3801ED56D9500009136 /* Model */,
				12DEA37F1ED56D8E00009136 /* Network */,
				12DEA37E1ED56D8800009136 /* Data */,
				12DEA35B1ED56D5900009136 /* AppDelegate.swift */,
				12DEA35D1ED56D5900009136 /* ViewController.swift */,
				12DEA35F1ED56D5900009136 /* Main.storyboard */,
				12DEA3651ED56D5900009136 /* Assets.xcassets */,
				12DEA3671ED56D5900009136 /* LaunchScreen.storyboard */,
				12DEA36A1ED56D5900009136 /* Info.plist */,
				12DEA3621ED56D5900009136 /* NewsApp.xcdatamodeld */,
			);
			path = NewsApp;
			sourceTree = "<group>";
		};
		12DEA3721ED56D5900009136 /* NewsAppTests */ = {
			isa = PBXGroup;
			children = (
				12DEA3731ED56D5900009136 /* NewsAppTests.swift */,
				12DEA3751ED56D5900009136 /* Info.plist */,
			);
			path = NewsAppTests;
			sourceTree = "<group>";
		};
		12DEA37E1ED56D8800009136 /* Data */ = {
			isa = PBXGroup;
			children = (
				12DEA3811ED56DA900009136 /* DataManager.swift */,
			);
			name = Data;
			sourceTree = "<group>";
		};
		12DEA37F1ED56D8E00009136 /* Network */ = {
			isa = PBXGroup;
			children = (
				12DEA3871ED56FF700009136 /* NetworkManager.swift */,
			);
			name = Network;
			sourceTree = "<group>";
		};
		12DEA3801ED56D9500009136 /* Model */ = {
			isa = PBXGroup;
			children = (
				12DEA3831ED56E5A00009136 /* NewsArticle+CoreDataClass.swift */,
				12DEA3841ED56E5A00009136 /* NewsArticle+CoreDataProperties.swift */,
			);
			name = Model;
			sourceTree = "<group>";
		};
/* End PBXGroup section */

/* Begin PBXNativeTarget section */
		12DEA3571ED56D5900009136 /* NewsApp */ = {
			isa = PBXNativeTarget;
			buildConfigurationList = 12DEA3781ED56D5900009136 /* Build configuration list for PBXNativeTarget "NewsApp" */;
			buildPhases = (
				12DEA3541ED56D5900009136 /* Sources */,
				12DEA3551ED56D5900009136 /* Frameworks */,
				12DEA3561ED56D5900009136 /* Resources */,
			);
			buildRules = (
			);
			dependencies = (
			);
			name = NewsApp;
			productName = NewsApp;
			productReference = 12DEA3581ED56D5900009136 /* NewsApp.app */;
			productType = "com.apple.product-type.application";
		};
		12DEA36E1ED56D5900009136 /* NewsAppTests */ = {
			isa = PBXNativeTarget;
			buildConfigurationList = 12DEA37B1ED56D5900009136 /* Build configuration list for PBXNativeTarget "NewsAppTests" */;
			buildPhases = (
				12DEA36B1ED56D5900009136 /* Sources */,
				12DEA36C1ED56D5900009136 /* Frameworks */,
				12DEA36D1ED56D5900009136 /* Resources */,
			);
			buildRules = (
			);
			dependencies = (
				12DEA3711ED56D5900009136 /* PBXTargetDependency */,
			);
			name = NewsAppTests;
			productName = NewsAppTests;
			productReference = 12DEA36F1ED56D5900009136 /* NewsAppTests.xctest */;
			productType = "com.apple.product-type.bundle.unit-test";
		};
/* End PBXNativeTarget section */

/* Begin PBXProject section */
		12DEA3501ED56D5900009136 /* Project object */ = {
			isa = PBXProject;
			attributes = {
				LastSwiftUpdateCheck = 0830;
				LastUpgradeCheck = 0830;
				ORGANIZATIONNAME = "Vidya Murthy";
				TargetAttributes = {
					12DEA3571ED56D5900009136 = {
						CreatedOnToolsVersion = 8.3.2;
						ProvisioningStyle = Automatic;
					};
					12DEA36E1ED56D5900009136 = {
						CreatedOnToolsVersion = 8.3.2;
						ProvisioningStyle = Automatic;
						TestTargetID = 12DEA3571ED56D5900009136;
					};
				};
			};
			buildConfigurationList = 12DEA3531ED56D5900009136 /* Build configuration list for PBXProject "NewsApp" */;
			compatibilityVersion = "Xcode 3.2";
			developmentRegion = English;
			hasScannedForEncodings = 0;
			knownRegions = (
				en,
				Base,
			);
			mainGroup = 12DEA34F1ED56D5900009136;
			productRefGroup = 12DEA3591ED56D5900009136 /* Products */;
			projectDirPath = "";
			projectRoot = "";
			targets = (
				12DEA3571ED56D5900009136 /* NewsApp */,
				12DEA36E1ED56D5900009136 /* NewsAppTests */,
			);
		};
/* End PBXProject section */

/* Begin PBXResourcesBuildPhase section */
		12DEA3561ED56D5900009136 /* Resources */ = {
			isa = PBXResourcesBuildPhase;
			buildActionMask = 2147483647;
			files = (
				12DEA3691ED56D5900009136 /* LaunchScreen.storyboard in Resources */,
				12DEA3661ED56D5900009136 /* Assets.xcassets in Resources */,
				12DEA3611ED56D5900009136 /* Main.storyboard in Resources */,
			);
			runOnlyForDeploymentPostprocessing = 0;
		};
		12DEA36D1ED56D5900009136 /* Resources */ = {
			isa = PBXResourcesBuildPhase;
			buildActionMask = 2147483647;
			files = (
			);
			runOnlyForDeploymentPostprocessing = 0;
		};
/* End PBXResourcesBuildPhase section */

/* Begin PBXSourcesBuildPhase section */
		12DEA3541ED56D5900009136 /* Sources */ = {
			isa = PBXSourcesBuildPhase;
			buildActionMask = 2147483647;
			files = (
				12DEA35E1ED56D5900009136 /* ViewController.swift in Sources */,
				12DEA3821ED56DA900009136 /* DataManager.swift in Sources */,
				12DEA35C1ED56D5900009136 /* AppDelegate.swift in Sources */,
				12DEA3881ED56FF700009136 /* NetworkManager.swift in Sources */,
				12DEA3861ED56E5A00009136 /* NewsArticle+CoreDataProperties.swift in Sources */,
				12DEA3641ED56D5900009136 /* NewsApp.xcdatamodeld in Sources */,
				12DEA3851ED56E5A00009136 /* NewsArticle+CoreDataClass.swift in Sources */,
			);
			runOnlyForDeploymentPostprocessing = 0;
		};
		12DEA36B1ED56D5900009136 /* Sources */ = {
			isa = PBXSourcesBuildPhase;
			buildActionMask = 2147483647;
			files = (
				12DEA3741ED56D5900009136 /* NewsAppTests.swift in Sources */,
			);
			runOnlyForDeploymentPostprocessing = 0;
		};
/* End PBXSourcesBuildPhase section */

/* Begin PBXTargetDependency section */
		12DEA3711ED56D5900009136 /* PBXTargetDependency */ = {
			isa = PBXTargetDependency;
			target = 12DEA3571ED56D5900009136 /* NewsApp */;
			targetProxy = 12DEA3701ED56D5900009136 /* PBXContainerItemProxy */;
		};
/* End PBXTargetDependency section */

/* Begin PBXVariantGroup section */
		12DEA35F1ED56D5900009136 /* Main.storyboard */ = {
			isa = PBXVariantGroup;
			children = (
				12DEA3601ED56D5900009136 /* Base */,
			);
			name = Main.storyboard;
			sourceTree = "<group>";
		};
		12DEA3671ED56D5900009136 /* LaunchScreen.storyboard */ = {
			isa = PBXVariantGroup;
			children = (
				12DEA3681ED56D5900009136 /* Base */,
			);
			name = LaunchScreen.storyboard;
			sourceTree = "<group>";
		};
/* End PBXVariantGroup section */

/* Begin XCBuildConfiguration section */
		12DEA3761ED56D5900009136 /* Debug */ = {
			isa = XCBuildConfiguration;
			buildSettings = {
				ALWAYS_SEARCH_USER_PATHS = NO;
				CLANG_ANALYZER_NONNULL = YES;
				CLANG_ANALYZER_NUMBER_OBJECT_CONVERSION = YES_AGGRESSIVE;
				CLANG_CXX_LANGUAGE_STANDARD = "gnu++0x";
				CLANG_CXX_LIBRARY = "libc++";
				CLANG_ENABLE_MODULES = YES;
				CLANG_ENABLE_OBJC_ARC = YES;
				CLANG_WARN_BOOL_CONVERSION = YES;
				CLANG_WARN_CONSTANT_CONVERSION = YES;
				CLANG_WARN_DIRECT_OBJC_ISA_USAGE = YES_ERROR;
				CLANG_WARN_DOCUMENTATION_COMMENTS = YES;
				CLANG_WARN_EMPTY_BODY = YES;
				CLANG_WARN_ENUM_CONVERSION = YES;
				CLANG_WARN_INFINITE_RECURSION = YES;
				CLANG_WARN_INT_CONVERSION = YES;
				CLANG_WARN_OBJC_ROOT_CLASS = YES_ERROR;
				CLANG_WARN_SUSPICIOUS_MOVE = YES;
				CLANG_WARN_UNREACHABLE_CODE = YES;
				CLANG_WARN__DUPLICATE_METHOD_MATCH = YES;
				"CODE_SIGN_IDENTITY[sdk=iphoneos*]" = "iPhone Developer";
				COPY_PHASE_STRIP = NO;
				DEBUG_INFORMATION_FORMAT = dwarf;
				ENABLE_STRICT_OBJC_MSGSEND = YES;
				ENABLE_TESTABILITY = YES;
				GCC_C_LANGUAGE_STANDARD = gnu99;
				GCC_DYNAMIC_NO_PIC = NO;
				GCC_NO_COMMON_BLOCKS = YES;
				GCC_OPTIMIZATION_LEVEL = 0;
				GCC_PREPROCESSOR_DEFINITIONS = (
					"DEBUG=1",
					"$(inherited)",
				);
				GCC_WARN_64_TO_32_BIT_CONVERSION = YES;
				GCC_WARN_ABOUT_RETURN_TYPE = YES_ERROR;
				GCC_WARN_UNDECLARED_SELECTOR = YES;
				GCC_WARN_UNINITIALIZED_AUTOS = YES_AGGRESSIVE;
				GCC_WARN_UNUSED_FUNCTION = YES;
				GCC_WARN_UNUSED_VARIABLE = YES;
				IPHONEOS_DEPLOYMENT_TARGET = 10.3;
				MTL_ENABLE_DEBUG_INFO = YES;
				ONLY_ACTIVE_ARCH = YES;
				SDKROOT = iphoneos;
				SWIFT_ACTIVE_COMPILATION_CONDITIONS = DEBUG;
				SWIFT_OPTIMIZATION_LEVEL = "-Onone";
				TARGETED_DEVICE_FAMILY = "1,2";
			};
			name = Debug;
		};
		12DEA3771ED56D5900009136 /* Release */ = {
			isa = XCBuildConfiguration;
			buildSettings = {
				ALWAYS_SEARCH_USER_PATHS = NO;
				CLANG_ANALYZER_NONNULL = YES;
				CLANG_ANALYZER_NUMBER_OBJECT_CONVERSION = YES_AGGRESSIVE;
				CLANG_CXX_LANGUAGE_STANDARD = "gnu++0x";
				CLANG_CXX_LIBRARY = "libc++";
				CLANG_ENABLE_MODULES = YES;
				CLANG_ENABLE_OBJC_ARC = YES;
				CLANG_WARN_BOOL_CONVERSION = YES;
				CLANG_WARN_CONSTANT_CONVERSION = YES;
				CLANG_WARN_DIRECT_OBJC_ISA_USAGE = YES_ERROR;
				CLANG_WARN_DOCUMENTATION_COMMENTS = YES;
				CLANG_WARN_EMPTY_BODY = YES;
				CLANG_WARN_ENUM_CONVERSION = YES;
				CLANG_WARN_INFINITE_RECURSION = YES;
				CLANG_WARN_INT_CONVERSION = YES;
				CLANG_WARN_OBJC_ROOT_CLASS = YES_ERROR;
				CLANG_WARN_SUSPICIOUS_MOVE = YES;
				CLANG_WARN_UNREACHABLE_CODE = YES;
				CLANG_WARN__DUPLICATE_METHOD_MATCH = YES;
				"CODE_SIGN_IDENTITY[sdk=iphoneos*]" = "iPhone Developer";
				COPY_PHASE_STRIP = NO;
				DEBUG_INFORMATION_FORMAT = "dwarf-with-dsym";
				ENABLE_NS_ASSERTIONS = NO;
				ENABLE_STRICT_OBJC_MSGSEND = YES;
				GCC_C_LANGUAGE_STANDARD = gnu99;
				GCC_NO_COMMON_BLOCKS = YES;
				GCC_WARN_64_TO_32_BIT_CONVERSION = YES;
				GCC_WARN_ABOUT_RETURN_TYPE = YES_ERROR;
				GCC_WARN_UNDECLARED_SELECTOR = YES;
				GCC_WARN_UNINITIALIZED_AUTOS = YES_AGGRESSIVE;
				GCC_WARN_UNUSED_FUNCTION = YES;
				GCC_WARN_UNUSED_VARIABLE = YES;
				IPHONEOS_DEPLOYMENT_TARGET = 10.3;
				MTL_ENABLE_DEBUG_INFO = NO;
				SDKROOT = iphoneos;
				SWIFT_OPTIMIZATION_LEVEL = "-Owholemodule";
				TARGETED_DEVICE_FAMILY = "1,2";
				VALIDATE_PRODUCT = YES;
			};
			name = Release;
		};
		12DEA3791ED56D5900009136 /* Debug */ = {
			isa = XCBuildConfiguration;
			buildSettings = {
				ASSETCATALOG_COMPILER_APPICON_NAME = AppIcon;
				INFOPLIST_FILE = NewsApp/Info.plist;
				LD_RUNPATH_SEARCH_PATHS = "$(inherited) @executable_path/Frameworks";
				PRODUCT_BUNDLE_IDENTIFIER = Sample.NewsApp;
				PRODUCT_NAME = "$(TARGET_NAME)";
				SWIFT_VERSION = 3.0;
			};
			name = Debug;
		};
		12DEA37A1ED56D5900009136 /* Release */ = {
			isa = XCBuildConfiguration;
			buildSettings = {
				ASSETCATALOG_COMPILER_APPICON_NAME = AppIcon;
				INFOPLIST_FILE = NewsApp/Info.plist;
				LD_RUNPATH_SEARCH_PATHS = "$(inherited) @executable_path/Frameworks";
				PRODUCT_BUNDLE_IDENTIFIER = Sample.NewsApp;
				PRODUCT_NAME = "$(TARGET_NAME)";
				SWIFT_VERSION = 3.0;
			};
			name = Release;
		};
		12DEA37C1ED56D5900009136 /* Debug */ = {
			isa = XCBuildConfiguration;
			buildSettings = {
				ALWAYS_EMBED_SWIFT_STANDARD_LIBRARIES = YES;
				BUNDLE_LOADER = "$(TEST_HOST)";
				INFOPLIST_FILE = NewsAppTests/Info.plist;
				LD_RUNPATH_SEARCH_PATHS = "$(inherited) @executable_path/Frameworks @loader_path/Frameworks";
				PRODUCT_BUNDLE_IDENTIFIER = Sample.NewsAppTests;
				PRODUCT_NAME = "$(TARGET_NAME)";
				SWIFT_VERSION = 3.0;
				TEST_HOST = "$(BUILT_PRODUCTS_DIR)/NewsApp.app/NewsApp";
			};
			name = Debug;
		};
		12DEA37D1ED56D5900009136 /* Release */ = {
			isa = XCBuildConfiguration;
			buildSettings = {
				ALWAYS_EMBED_SWIFT_STANDARD_LIBRARIES = YES;
				BUNDLE_LOADER = "$(TEST_HOST)";
				INFOPLIST_FILE = NewsAppTests/Info.plist;
				LD_RUNPATH_SEARCH_PATHS = "$(inherited) @executable_path/Frameworks @loader_path/Frameworks";
				PRODUCT_BUNDLE_IDENTIFIER = Sample.NewsAppTests;
				PRODUCT_NAME = "$(TARGET_NAME)";
				SWIFT_VERSION = 3.0;
				TEST_HOST = "$(BUILT_PRODUCTS_DIR)/NewsApp.app/NewsApp";
			};
			name = Release;
		};
/* End XCBuildConfiguration section */

/* Begin XCConfigurationList section */
		12DEA3531ED56D5900009136 /* Build configuration list for PBXProject "NewsApp" */ = {
			isa = XCConfigurationList;
			buildConfigurations = (
				12DEA3761ED56D5900009136 /* Debug */,
				12DEA3771ED56D5900009136 /* Release */,
			);
			defaultConfigurationIsVisible = 0;
			defaultConfigurationName = Release;
		};
		12DEA3781ED56D5900009136 /* Build configuration list for PBXNativeTarget "NewsApp" */ = {
			isa = XCConfigurationList;
			buildConfigurations = (
				12DEA3791ED56D5900009136 /* Debug */,
				12DEA37A1ED56D5900009136 /* Release */,
			);
			defaultConfigurationIsVisible = 0;
		};
		12DEA37B1ED56D5900009136 /* Build configuration list for PBXNativeTarget "NewsAppTests" */ = {
			isa = XCConfigurationList;
			buildConfigurations = (
				12DEA37C1ED56D5900009136 /* Debug */,
				12DEA37D1ED56D5900009136 /* Release */,
			);
			defaultConfigurationIsVisible = 0;
		};
/* End XCConfigurationList section */

/* Begin XCVersionGroup section */
		12DEA3621ED56D5900009136 /* NewsApp.xcdatamodeld */ = {
			isa = XCVersionGroup;
			children = (
				12DEA3631ED56D5900009136 /* NewsApp.xcdatamodel */,
			);
			currentVersion = 12DEA3631ED56D5900009136 /* NewsApp.xcdatamodel */;
			path = NewsApp.xcdatamodeld;
			sourceTree = "<group>";
			versionGroupType = wrapper.xcdatamodel;
		};
/* End XCVersionGroup section */
	};
	rootObject = 12DEA3501ED56D5900009136 /* Project object */;
}
